speakeasyVersion: 1.568.0
sources:
    Asset Management API:
        sourceNamespace: asset-management-api
        sourceRevisionDigest: sha256:6d8d4929fddf266f74d3901eefa1ba804887a596611b72fac4602c9bd625a7cd
        sourceBlobDigest: sha256:179d489fec56540309c4f7ba9e675ab23f0d259539e4892212254f45de96755d
        tags:
            - latest
            - speakeasy-sdk-regen-1750679253
            - 0.3.0
targets:
    asset-management-js:
        source: Asset Management API
        sourceNamespace: asset-management-api
        sourceRevisionDigest: sha256:6d8d4929fddf266f74d3901eefa1ba804887a596611b72fac4602c9bd625a7cd
        sourceBlobDigest: sha256:179d489fec56540309c4f7ba9e675ab23f0d259539e4892212254f45de96755d
        codeSamplesNamespace: asset-management-api-typescript-code-samples
        codeSamplesRevisionDigest: sha256:c882a91b14a4a0d796fc530dd1d29228e9fdbd09ba99faf5dbff3f2c2b971a26
workflow:
    workflowVersion: 1.0.0
    speakeasyVersion: latest
    sources:
        Asset Management API:
            inputs:
                - location: https://cloudinary.github.io/api-schemas/asset-management/schema.yml
            overlays:
                - location: https://cloudinary.github.io/api-schemas/overlays/security-scheme-cloud-overlay.yaml
                - location: https://cloudinary.github.io/api-schemas/overlays/cloud-name-overlay.yml
                - location: https://cloudinary.github.io/api-schemas/overlays/mcp-disabled.yml
                - location: https://cloudinary.github.io/api-schemas/overlays/remove-mcp-description.yml
                - location: https://cloudinary.github.io/api-schemas/asset-management/overlays/remove-multipart-overlay.yml
            registry:
                location: registry.speakeasyapi.dev/cloudinary/cloudinary/asset-management-api
    targets:
        asset-management-js:
            target: typescript
            source: Asset Management API
            publish:
                npm:
                    token: $npm_token
            codeSamples:
                registry:
                    location: registry.speakeasyapi.dev/cloudinary/cloudinary/asset-management-api-typescript-code-samples
                labelOverride:
                    fixedValue: Typescript (SDK)
                blocking: false
