speakeasyVersion: 1.557.1
sources:
    Assets API:
        sourceNamespace: assets-api
        sourceRevisionDigest: sha256:fa32688cf33fb290be861bbb2a002a6c2ff023d414f476d4fe2715d051d8ea8a
        sourceBlobDigest: sha256:4da647885484918866e87b08432ec495434c5cded639d9ffc5fc2fbaf4695f5e
        tags:
            - latest
            - speakeasy-sdk-regen-1749481216
            - 0.2.1
targets:
    assets-js:
        source: Assets API
        sourceNamespace: assets-api
        sourceRevisionDigest: sha256:fa32688cf33fb290be861bbb2a002a6c2ff023d414f476d4fe2715d051d8ea8a
        sourceBlobDigest: sha256:4da647885484918866e87b08432ec495434c5cded639d9ffc5fc2fbaf4695f5e
        codeSamplesNamespace: assets-api-typescript-code-samples
        codeSamplesRevisionDigest: sha256:a9265ef263dfe3cfcbdd9fd838f4ac2b78cb60bc7b509259196e82362fd0408f
workflow:
    workflowVersion: 1.0.0
    speakeasyVersion: latest
    sources:
        Assets API:
            inputs:
                - location: https://cloudinary.github.io/api-schemas/assets/schema.yml
            overlays:
                - location: https://cloudinary.github.io/api-schemas/overlays/security-scheme-cloud-overlay.yaml
                - location: https://cloudinary.github.io/api-schemas/overlays/cloud-name-overlay.yml
                - location: https://cloudinary.github.io/api-schemas/overlays/mcp-disabled.yml
            registry:
                location: registry.speakeasyapi.dev/cloudinary/cloudinary/assets-api
    targets:
        assets-js:
            target: typescript
            source: Assets API
            publish:
                npm:
                    token: $npm_token
            codeSamples:
                registry:
                    location: registry.speakeasyapi.dev/cloudinary/cloudinary/assets-api-typescript-code-samples
                labelOverride:
                    fixedValue: Typescript (SDK)
                blocking: false
